
Microsoft Visual Studio Solution File, Format Version 12.00
# Visual Studio Version 17
VisualStudioVersion = 17.6.33801.468
MinimumVisualStudioVersion = 10.0.40219.1
Project("{FAE04EC0-301F-11D3-BF4B-00C04F79EFBC}") = "BMS", "BMS\BMS.csproj", "{C710FBE1-F5BD-477D-9905-535FC9F26E31}"
EndProject
Global
	GlobalSection(SolutionConfigurationPlatforms) = preSolution
		Debug|Any CPU = Debug|Any CPU
		Release|Any CPU = Release|Any CPU
	EndGlobalSection
	GlobalSection(ProjectConfigurationPlatforms) = postSolution
		{C710FBE1-F5BD-477D-9905-535FC9F26E31}.Debug|Any CPU.ActiveCfg = Debug|Any CPU
		{C710FBE1-F5BD-477D-9905-535FC9F26E31}.Debug|Any CPU.Build.0 = Debug|Any CPU
		{C710FBE1-F5BD-477D-9905-535FC9F26E31}.Release|Any CPU.ActiveCfg = Release|Any CPU
		{C710FBE1-F5BD-477D-9905-535FC9F26E31}.Release|Any CPU.Build.0 = Release|Any CPU
	EndGlobalSection
	GlobalSection(SolutionProperties) = preSolution
		HideSolutionNode = FALSE
	EndGlobalSection
	GlobalSection(ExtensibilityGlobals) = postSolution
		SolutionGuid = {2D785F2E-4BE0-42D3-AD01-1D2A32F083C7}
	EndGlobalSection
EndGlobal
